
Microsoft Visual Studio Solution File, Format Version 12.00
# Visual Studio Version 17
VisualStudioVersion = 17.5.33530.505
MinimumVisualStudioVersion = 10.0.40219.1
Project("{FAE04EC0-301F-11D3-BF4B-00C04F79EFBC}") = "api-server", "api-server.csproj", "{97C5AE79-1AAB-47FB-9619-17069CF36603}"
EndProject
Global
	GlobalSection(SolutionConfigurationPlatforms) = preSolution
		Debug|Any CPU = Debug|Any CPU
		Release|Any CPU = Release|Any CPU
	EndGlobalSection
	GlobalSection(ProjectConfigurationPlatforms) = postSolution
		{97C5AE79-1AAB-47FB-9619-17069CF36603}.Debug|Any CPU.ActiveCfg = Debug|Any CPU
		{97C5AE79-1AAB-47FB-9619-17069CF36603}.Debug|Any CPU.Build.0 = Debug|Any CPU
		{97C5AE79-1AAB-47FB-9619-17069CF36603}.Release|Any CPU.ActiveCfg = Release|Any CPU
		{97C5AE79-1AAB-47FB-9619-17069CF36603}.Release|Any CPU.Build.0 = Release|Any CPU
	EndGlobalSection
	GlobalSection(SolutionProperties) = preSolution
		HideSolutionNode = FALSE
	EndGlobalSection
	GlobalSection(ExtensibilityGlobals) = postSolution
		SolutionGuid = {40014DAD-D3C3-4257-A5BB-1CD2C5D5592E}
	EndGlobalSection
EndGlobal
